<Solution>

  <Folder Name="/config/">
    <File Path=".gitignore" />
    <File Path="Directory.Build.props" />
    <File Path="Directory.Packages.props" />
  </Folder>

  <Folder Name="/src/">
    <Project Path="backend/EduTracker.Api/EduTracker.Api.csproj" />
    <Project Path="backend/EduTracker.Application/EduTracker.Application.csproj" />
    <Project Path="backend/EduTracker.Domain/EduTracker.Domain.csproj" />
    <Project Path="backend/EduTracker.Infrastructure/EduTracker.Infrastructure.csproj" />
    <Project Path="backend/EduTracker.Persistence/EduTracker.Persistence.csproj" />
  </Folder>

</Solution>
