<Solution>

  <Folder Name="/config/">
    <File Path=".gitignore" />
    <File Path="Directory.Build.props" />
    <File Path="Directory.Build.targets" />
    <File Path="Directory.Packages.props" />
  </Folder>

  <Folder Name="/helper/">
    <File Path="scripts/generate-keys.js" />
  </Folder>

  <Folder Name="/src/">
    <Project Path="backend/EduTracker.Api/EduTracker.Api.csproj" />
    <Project Path="backend/EduTracker.Application/EduTracker.Application.csproj" />
    <Project Path="backend/EduTracker.Domain/EduTracker.Domain.csproj" />
    <Project Path="backend/EduTracker.Infrastructure/EduTracker.Infrastructure.csproj" />
    <Project Path="backend/EduTracker.Shared/EduTracker.Shared.csproj" />
    <Project Path="backend/EduTracker/EduTracker.csproj" />
  </Folder>

</Solution>
